
Microsoft Visual Studio Solution File, Format Version 12.00
# Visual Studio 15
VisualStudioVersion = 15.0.27703.2000
MinimumVisualStudioVersion = 10.0.40219.1
Project("{FAE04EC0-301F-11D3-BF4B-00C04F79EFBC}") = "AwsS3Select", "AwsS3Select\AwsS3Select.csproj", "{EFCA866B-1AED-4764-96EC-41DA1FC6F39B}"
EndProject
Global
	GlobalSection(SolutionConfigurationPlatforms) = preSolution
		Debug|Any CPU = Debug|Any CPU
		Release|Any CPU = Release|Any CPU
	EndGlobalSection
	GlobalSection(ProjectConfigurationPlatforms) = postSolution
		{EFCA866B-1AED-4764-96EC-41DA1FC6F39B}.Debug|Any CPU.ActiveCfg = Debug|Any CPU
		{EFCA866B-1AED-4764-96EC-41DA1FC6F39B}.Debug|Any CPU.Build.0 = Debug|Any CPU
		{EFCA866B-1AED-4764-96EC-41DA1FC6F39B}.Release|Any CPU.ActiveCfg = Release|Any CPU
		{EFCA866B-1AED-4764-96EC-41DA1FC6F39B}.Release|Any CPU.Build.0 = Release|Any CPU
	EndGlobalSection
	GlobalSection(SolutionProperties) = preSolution
		HideSolutionNode = FALSE
	EndGlobalSection
	GlobalSection(ExtensibilityGlobals) = postSolution
		SolutionGuid = {EBFF64C6-2F6F-4A7A-977C-0BC90D1C80F1}
	EndGlobalSection
EndGlobal
