
Microsoft Visual Studio Solution File, Format Version 12.00
# Visual Studio 15
VisualStudioVersion = 15.0.27703.2000
MinimumVisualStudioVersion = 10.0.40219.1
Project("{FAE04EC0-301F-11D3-BF4B-00C04F79EFBC}") = "TestSite", "TestSite\TestSite.csproj", "{2819B378-CF5C-4785-9438-CEC3B844CF54}"
EndProject
Project("{FAE04EC0-301F-11D3-BF4B-00C04F79EFBC}") = "Admin", "Admin\Admin.csproj", "{07DECCC8-DC0C-46D1-AA13-81BDF8F771F4}"
EndProject
Global
	GlobalSection(SolutionConfigurationPlatforms) = preSolution
		Debug|Any CPU = Debug|Any CPU
		Release|Any CPU = Release|Any CPU
	EndGlobalSection
	GlobalSection(ProjectConfigurationPlatforms) = postSolution
		{2819B378-CF5C-4785-9438-CEC3B844CF54}.Debug|Any CPU.ActiveCfg = Debug|Any CPU
		{2819B378-CF5C-4785-9438-CEC3B844CF54}.Debug|Any CPU.Build.0 = Debug|Any CPU
		{2819B378-CF5C-4785-9438-CEC3B844CF54}.Release|Any CPU.ActiveCfg = Release|Any CPU
		{2819B378-CF5C-4785-9438-CEC3B844CF54}.Release|Any CPU.Build.0 = Release|Any CPU
		{07DECCC8-DC0C-46D1-AA13-81BDF8F771F4}.Debug|Any CPU.ActiveCfg = Debug|Any CPU
		{07DECCC8-DC0C-46D1-AA13-81BDF8F771F4}.Debug|Any CPU.Build.0 = Debug|Any CPU
		{07DECCC8-DC0C-46D1-AA13-81BDF8F771F4}.Release|Any CPU.ActiveCfg = Release|Any CPU
		{07DECCC8-DC0C-46D1-AA13-81BDF8F771F4}.Release|Any CPU.Build.0 = Release|Any CPU
	EndGlobalSection
	GlobalSection(SolutionProperties) = preSolution
		HideSolutionNode = FALSE
	EndGlobalSection
	GlobalSection(ExtensibilityGlobals) = postSolution
		SolutionGuid = {695D8569-6BDC-4E47-AB2C-EE24A027C9F2}
	EndGlobalSection
EndGlobal
